// !$*UTF8*$!
{
	archiveVersion = 1;
	classes = {
	};
	objectVersion = 55;
	objects = {

/* Begin PBXBuildFile section */
		291D2B2ED7A82E2B3C85F570 /* Pods_MoneyTracker.framework in Frameworks */ = {isa = PBXBuildFile; fileRef = 03925520AAE7EFA6F31C5FDD /* Pods_MoneyTracker.framework */; };
		2E0DB4D027AD77B400A92682 /* TextFilledButton.swift in Sources */ = {isa = PBXBuildFile; fileRef = 2E0DB4CF27AD77B400A92682 /* TextFilledButton.swift */; };
		2E0DB4D227AD79C800A92682 /* TitleNavigationBarScreenView.swift in Sources */ = {isa = PBXBuildFile; fileRef = 2E0DB4D127AD79C800A92682 /* TitleNavigationBarScreenView.swift */; };
		2E91153E27A92DE600359F21 /* Category.swift in Sources */ = {isa = PBXBuildFile; fileRef = 2E91153D27A92DE600359F21 /* Category.swift */; };
		2E91154727A9308B00359F21 /* MoneyTrackerStorage.h in Headers */ = {isa = PBXBuildFile; fileRef = 2E91154627A9308B00359F21 /* MoneyTrackerStorage.h */; settings = {ATTRIBUTES = (Public, ); }; };
		2E91154A27A9308B00359F21 /* MoneyTrackerStorage.framework in Frameworks */ = {isa = PBXBuildFile; fileRef = 2E91154427A9308B00359F21 /* MoneyTrackerStorage.framework */; };
		2E91154B27A9308B00359F21 /* MoneyTrackerStorage.framework in Embed Frameworks */ = {isa = PBXBuildFile; fileRef = 2E91154427A9308B00359F21 /* MoneyTrackerStorage.framework */; settings = {ATTRIBUTES = (CodeSignOnCopy, RemoveHeadersOnCopy, ); }; };
		2E91155027A936B100359F21 /* Storage.swift in Sources */ = {isa = PBXBuildFile; fileRef = 2E91154F27A936B000359F21 /* Storage.swift */; };
		2E91155327A9375300359F21 /* Category.swift in Sources */ = {isa = PBXBuildFile; fileRef = 2E91155227A9375300359F21 /* Category.swift */; };
		2E91155627A93D5C00359F21 /* Category.swift in Sources */ = {isa = PBXBuildFile; fileRef = 2E91155527A93D5C00359F21 /* Category.swift */; };
		2E9289FB27AFF9CA002F3403 /* SettingsScreenViewController.swift in Sources */ = {isa = PBXBuildFile; fileRef = 2E9289FA27AFF9CA002F3403 /* SettingsScreenViewController.swift */; };
		2E9289FD27AFF9E3002F3403 /* SettingsScreenView.swift in Sources */ = {isa = PBXBuildFile; fileRef = 2E9289FC27AFF9E3002F3403 /* SettingsScreenView.swift */; };
		2E928A0027AFF9F6002F3403 /* SettingsScreenStrings.strings in Resources */ = {isa = PBXBuildFile; fileRef = 2E928A0227AFF9F6002F3403 /* SettingsScreenStrings.strings */; };
		2E928A0727AFFDC5002F3403 /* SettingsScreenTitleItemTableViewCell.swift in Sources */ = {isa = PBXBuildFile; fileRef = 2E928A0627AFFDC5002F3403 /* SettingsScreenTitleItemTableViewCell.swift */; };
		2E95BB2827B313810097CA46 /* BackTitleNavigationBarScreenView.swift in Sources */ = {isa = PBXBuildFile; fileRef = 2E95BB2727B313810097CA46 /* BackTitleNavigationBarScreenView.swift */; };
		2E95BB2A27B315B80097CA46 /* PictureButton.swift in Sources */ = {isa = PBXBuildFile; fileRef = 2E95BB2927B315B80097CA46 /* PictureButton.swift */; };
		2E96212727AFD93200DF0DD4 /* EditCategoryScreenViewController.swift in Sources */ = {isa = PBXBuildFile; fileRef = 2E96212627AFD93200DF0DD4 /* EditCategoryScreenViewController.swift */; };
		2E96212927AFD93C00DF0DD4 /* EditCategoryScreenView.swift in Sources */ = {isa = PBXBuildFile; fileRef = 2E96212827AFD93C00DF0DD4 /* EditCategoryScreenView.swift */; };
		2E96212C27AFD94C00DF0DD4 /* EditCategoryScreenStrings.strings in Resources */ = {isa = PBXBuildFile; fileRef = 2E96212E27AFD94C00DF0DD4 /* EditCategoryScreenStrings.strings */; };
		2EB10A0727A6C30D00743416 /* Assets.xcassets in Resources */ = {isa = PBXBuildFile; fileRef = 2EB10A0627A6C30D00743416 /* Assets.xcassets */; };
		2EB10A0A27A6C30D00743416 /* LaunchScreen.storyboard in Resources */ = {isa = PBXBuildFile; fileRef = 2EB10A0827A6C30D00743416 /* LaunchScreen.storyboard */; };
		2EB10A1227A6C8CB00743416 /* Application.swift in Sources */ = {isa = PBXBuildFile; fileRef = 2EB10A1127A6C8CB00743416 /* Application.swift */; };
		2EB10A1427A6C8D400743416 /* main.swift in Sources */ = {isa = PBXBuildFile; fileRef = 2EB10A1327A6C8D400743416 /* main.swift */; };
		2EB10A1D27A6CAE500743416 /* MoneyTrackerPresentation.h in Headers */ = {isa = PBXBuildFile; fileRef = 2EB10A1C27A6CAE500743416 /* MoneyTrackerPresentation.h */; settings = {ATTRIBUTES = (Public, ); }; };
		2EB10A2027A6CAE500743416 /* MoneyTrackerPresentation.framework in Frameworks */ = {isa = PBXBuildFile; fileRef = 2EB10A1A27A6CAE500743416 /* MoneyTrackerPresentation.framework */; };
		2EB10A2127A6CAE500743416 /* MoneyTrackerPresentation.framework in Embed Frameworks */ = {isa = PBXBuildFile; fileRef = 2EB10A1A27A6CAE500743416 /* MoneyTrackerPresentation.framework */; settings = {ATTRIBUTES = (CodeSignOnCopy, RemoveHeadersOnCopy, ); }; };
		2EB10A2627A6CAF100743416 /* MoneyTrackerPresentation.framework in Frameworks */ = {isa = PBXBuildFile; fileRef = 2EB10A1A27A6CAE500743416 /* MoneyTrackerPresentation.framework */; };
		2EB10A2A27A6CAFF00743416 /* Presentation.swift in Sources */ = {isa = PBXBuildFile; fileRef = 2EB10A2927A6CAFF00743416 /* Presentation.swift */; };
		2EB10A3027A6E7B500743416 /* MenuScreenView.swift in Sources */ = {isa = PBXBuildFile; fileRef = 2EB10A2D27A6E7B500743416 /* MenuScreenView.swift */; };
		2EB10A3127A6E7B500743416 /* MenuScreenTabBarItem.swift in Sources */ = {isa = PBXBuildFile; fileRef = 2EB10A2E27A6E7B500743416 /* MenuScreenTabBarItem.swift */; };
		2EB10A3227A6E7B500743416 /* MenuScreenViewController.swift in Sources */ = {isa = PBXBuildFile; fileRef = 2EB10A2F27A6E7B500743416 /* MenuScreenViewController.swift */; };
		2EB10A3527A6FE8500743416 /* Images.swift in Sources */ = {isa = PBXBuildFile; fileRef = 2EB10A3427A6FE8500743416 /* Images.swift */; };
		2EB10A3727A6FE9800743416 /* Images.xcassets in Resources */ = {isa = PBXBuildFile; fileRef = 2EB10A3627A6FE9800743416 /* Images.xcassets */; };
		2EB10A3A27A6FEAE00743416 /* Colors.swift in Sources */ = {isa = PBXBuildFile; fileRef = 2EB10A3927A6FEAE00743416 /* Colors.swift */; };
		2EB10A3D27A7034400743416 /* Fonts.swift in Sources */ = {isa = PBXBuildFile; fileRef = 2EB10A3C27A7034400743416 /* Fonts.swift */; };
		2EB10A4027A7065B00743416 /* ScreenLocalizer.swift in Sources */ = {isa = PBXBuildFile; fileRef = 2EB10A3F27A7065B00743416 /* ScreenLocalizer.swift */; };
		2EB10A4327A7068E00743416 /* MenuScreenStrings.strings in Resources */ = {isa = PBXBuildFile; fileRef = 2EB10A4527A7068E00743416 /* MenuScreenStrings.strings */; };
		2EB10A4827A7075700743416 /* Bundle.swift in Sources */ = {isa = PBXBuildFile; fileRef = 2EB10A4727A7075700743416 /* Bundle.swift */; };
		2EB10A4A27A707A300743416 /* Language.swift in Sources */ = {isa = PBXBuildFile; fileRef = 2EB10A4927A707A300743416 /* Language.swift */; };
		2EC19ACE27A7F64000E1A6FA /* CategoriesScreenViewController.swift in Sources */ = {isa = PBXBuildFile; fileRef = 2EC19ACD27A7F64000E1A6FA /* CategoriesScreenViewController.swift */; };
		2EC19AD027A7F65200E1A6FA /* CategoriesScreenView.swift in Sources */ = {isa = PBXBuildFile; fileRef = 2EC19ACF27A7F65200E1A6FA /* CategoriesScreenView.swift */; };
		2EC19AD627A7F78C00E1A6FA /* NavigationBarScreenView.swift in Sources */ = {isa = PBXBuildFile; fileRef = 2EC19AD527A7F78C00E1A6FA /* NavigationBarScreenView.swift */; };
		2EC19AD827A8110600E1A6FA /* CategoriesScreenCategoryTableViewCell.swift in Sources */ = {isa = PBXBuildFile; fileRef = 2EC19AD727A8110600E1A6FA /* CategoriesScreenCategoryTableViewCell.swift */; };
		2EC19ADA27A8161200E1A6FA /* CategoriesScreenAddCategoryTableViewCell.swift in Sources */ = {isa = PBXBuildFile; fileRef = 2EC19AD927A8161200E1A6FA /* CategoriesScreenAddCategoryTableViewCell.swift */; };
		2EC19ADB27A8238F00E1A6FA /* CategoriesScreenStrings.strings in Resources */ = {isa = PBXBuildFile; fileRef = 2EC19ADD27A8238F00E1A6FA /* CategoriesScreenStrings.strings */; };
		2EC6292C27AC1F3700371252 /* AddCategoryScreenViewController.swift in Sources */ = {isa = PBXBuildFile; fileRef = 2EC6292B27AC1F3700371252 /* AddCategoryScreenViewController.swift */; };
		2EC6292E27AC1F4500371252 /* AddCategoryScreenView.swift in Sources */ = {isa = PBXBuildFile; fileRef = 2EC6292D27AC1F4500371252 /* AddCategoryScreenView.swift */; };
		2EC6293227AC252300371252 /* AddingCategory.swift in Sources */ = {isa = PBXBuildFile; fileRef = 2EC6293127AC252300371252 /* AddingCategory.swift */; };
		2EC6293427AC262000371252 /* AddingCategory.swift in Sources */ = {isa = PBXBuildFile; fileRef = 2EC6293327AC262000371252 /* AddingCategory.swift */; };
		2EC6293627AC267D00371252 /* AddingCategory.swift in Sources */ = {isa = PBXBuildFile; fileRef = 2EC6293527AC267D00371252 /* AddingCategory.swift */; };
		2EC6293727AC282100371252 /* AddCategoryScreenStrings.strings in Resources */ = {isa = PBXBuildFile; fileRef = 2EC6293927AC282100371252 /* AddCategoryScreenStrings.strings */; };
		C28BCBF9C002CFB6F8BE390D /* Pods_MoneyTrackerPresentation.framework in Frameworks */ = {isa = PBXBuildFile; fileRef = 4824322390D5C77FA8BBBF93 /* Pods_MoneyTrackerPresentation.framework */; };
		DBB7CF7B27AC0C70002C2EAE /* CoreDataAccessor.swift in Sources */ = {isa = PBXBuildFile; fileRef = DBB7CF7A27AC0C70002C2EAE /* CoreDataAccessor.swift */; };
		DBB7CF7E27AC0E0D002C2EAE /* CategoriesCoreDataRepo.swift in Sources */ = {isa = PBXBuildFile; fileRef = DBB7CF7D27AC0E0D002C2EAE /* CategoriesCoreDataRepo.swift */; };
		DBB7CF8527AC120B002C2EAE /* CoreDataModel.xcdatamodeld in Sources */ = {isa = PBXBuildFile; fileRef = DBB7CF8327AC120B002C2EAE /* CoreDataModel.xcdatamodeld */; };
		DBD6ACD227AE775300389236 /* CategoriesOrderCoreDataRepo.swift in Sources */ = {isa = PBXBuildFile; fileRef = DBD6ACD127AE775300389236 /* CategoriesOrderCoreDataRepo.swift */; };
		DBD6ACD427AF704600389236 /* Currency.swift in Sources */ = {isa = PBXBuildFile; fileRef = DBD6ACD327AF704600389236 /* Currency.swift */; };
		DBD6ACD627AF719000389236 /* BalanceAccount.swift in Sources */ = {isa = PBXBuildFile; fileRef = DBD6ACD527AF719000389236 /* BalanceAccount.swift */; };
		DBD6ACD827AF724C00389236 /* BalanceAccountCoreDataRepo.swift in Sources */ = {isa = PBXBuildFile; fileRef = DBD6ACD727AF724C00389236 /* BalanceAccountCoreDataRepo.swift */; };
		DBD6ACDA27AF73BA00389236 /* AddingBalanceAccount.swift in Sources */ = {isa = PBXBuildFile; fileRef = DBD6ACD927AF73BA00389236 /* AddingBalanceAccount.swift */; };
		DBD6ACDC27AFA8F300389236 /* BalanceAccountsOrderCoreDataRepo.swift in Sources */ = {isa = PBXBuildFile; fileRef = DBD6ACDB27AFA8F300389236 /* BalanceAccountsOrderCoreDataRepo.swift */; };
		DBD6ACDF27B2A79F00389236 /* SelectCurrencyScreenViewController.swift in Sources */ = {isa = PBXBuildFile; fileRef = DBD6ACDE27B2A79F00389236 /* SelectCurrencyScreenViewController.swift */; };
		DBD6ACE127B2A7E200389236 /* SelectCurrencyScreenView.swift in Sources */ = {isa = PBXBuildFile; fileRef = DBD6ACE027B2A7E200389236 /* SelectCurrencyScreenView.swift */; };
		DBD6ACE427B35BF600389236 /* SelectCurrencyScreenStrings.strings in Resources */ = {isa = PBXBuildFile; fileRef = DBD6ACE627B35BF600389236 /* SelectCurrencyScreenStrings.strings */; };
		DBD6ACEA27B35D0300389236 /* SelectCurrencyTableViewCell.swift in Sources */ = {isa = PBXBuildFile; fileRef = DBD6ACE927B35D0300389236 /* SelectCurrencyTableViewCell.swift */; };
		E431D758E768D52D5969B5DE /* Pods_MoneyTrackerStorage.framework in Frameworks */ = {isa = PBXBuildFile; fileRef = 419B3EB9CBB39A081DB419E1 /* Pods_MoneyTrackerStorage.framework */; };
/* End PBXBuildFile section */

/* Begin PBXContainerItemProxy section */
		2E91154827A9308B00359F21 /* PBXContainerItemProxy */ = {
			isa = PBXContainerItemProxy;
			containerPortal = 2EB109F227A6C30C00743416 /* Project object */;
			proxyType = 1;
			remoteGlobalIDString = 2E91154327A9308B00359F21;
			remoteInfo = MoneyTrackerStorage;
		};
		2EB10A1E27A6CAE500743416 /* PBXContainerItemProxy */ = {
			isa = PBXContainerItemProxy;
			containerPortal = 2EB109F227A6C30C00743416 /* Project object */;
			proxyType = 1;
			remoteGlobalIDString = 2EB10A1927A6CAE500743416;
			remoteInfo = MoneyTrackerPresentation;
		};
		2EB10A2727A6CAF100743416 /* PBXContainerItemProxy */ = {
			isa = PBXContainerItemProxy;
			containerPortal = 2EB109F227A6C30C00743416 /* Project object */;
			proxyType = 1;
			remoteGlobalIDString = 2EB10A1927A6CAE500743416;
			remoteInfo = MoneyTrackerPresentation;
		};
/* End PBXContainerItemProxy section */

/* Begin PBXCopyFilesBuildPhase section */
		2EB10A2527A6CAE500743416 /* Embed Frameworks */ = {
			isa = PBXCopyFilesBuildPhase;
			buildActionMask = 2147483647;
			dstPath = "";
			dstSubfolderSpec = 10;
			files = (
				2E91154B27A9308B00359F21 /* MoneyTrackerStorage.framework in Embed Frameworks */,
				2EB10A2127A6CAE500743416 /* MoneyTrackerPresentation.framework in Embed Frameworks */,
			);
			name = "Embed Frameworks";
			runOnlyForDeploymentPostprocessing = 0;
		};
/* End PBXCopyFilesBuildPhase section */

/* Begin PBXFileReference section */
		03925520AAE7EFA6F31C5FDD /* Pods_MoneyTracker.framework */ = {isa = PBXFileReference; explicitFileType = wrapper.framework; includeInIndex = 0; path = Pods_MoneyTracker.framework; sourceTree = BUILT_PRODUCTS_DIR; };
		2E0DB4CF27AD77B400A92682 /* TextFilledButton.swift */ = {isa = PBXFileReference; lastKnownFileType = sourcecode.swift; path = TextFilledButton.swift; sourceTree = "<group>"; };
		2E0DB4D127AD79C800A92682 /* TitleNavigationBarScreenView.swift */ = {isa = PBXFileReference; lastKnownFileType = sourcecode.swift; path = TitleNavigationBarScreenView.swift; sourceTree = "<group>"; };
		2E91153D27A92DE600359F21 /* Category.swift */ = {isa = PBXFileReference; lastKnownFileType = sourcecode.swift; path = Category.swift; sourceTree = "<group>"; };
		2E91154427A9308B00359F21 /* MoneyTrackerStorage.framework */ = {isa = PBXFileReference; explicitFileType = wrapper.framework; includeInIndex = 0; path = MoneyTrackerStorage.framework; sourceTree = BUILT_PRODUCTS_DIR; };
		2E91154627A9308B00359F21 /* MoneyTrackerStorage.h */ = {isa = PBXFileReference; lastKnownFileType = sourcecode.c.h; path = MoneyTrackerStorage.h; sourceTree = "<group>"; };
		2E91154F27A936B000359F21 /* Storage.swift */ = {isa = PBXFileReference; lastKnownFileType = sourcecode.swift; path = Storage.swift; sourceTree = "<group>"; };
		2E91155227A9375300359F21 /* Category.swift */ = {isa = PBXFileReference; lastKnownFileType = sourcecode.swift; path = Category.swift; sourceTree = "<group>"; };
		2E91155527A93D5C00359F21 /* Category.swift */ = {isa = PBXFileReference; lastKnownFileType = sourcecode.swift; path = Category.swift; sourceTree = "<group>"; };
		2E9289FA27AFF9CA002F3403 /* SettingsScreenViewController.swift */ = {isa = PBXFileReference; lastKnownFileType = sourcecode.swift; path = SettingsScreenViewController.swift; sourceTree = "<group>"; };
		2E9289FC27AFF9E3002F3403 /* SettingsScreenView.swift */ = {isa = PBXFileReference; lastKnownFileType = sourcecode.swift; path = SettingsScreenView.swift; sourceTree = "<group>"; };
		2E928A0127AFF9F6002F3403 /* en */ = {isa = PBXFileReference; lastKnownFileType = text.plist.strings; name = en; path = en.lproj/SettingsScreenStrings.strings; sourceTree = "<group>"; };
		2E928A0627AFFDC5002F3403 /* SettingsScreenTitleItemTableViewCell.swift */ = {isa = PBXFileReference; lastKnownFileType = sourcecode.swift; path = SettingsScreenTitleItemTableViewCell.swift; sourceTree = "<group>"; };
		2E95BB2727B313810097CA46 /* BackTitleNavigationBarScreenView.swift */ = {isa = PBXFileReference; lastKnownFileType = sourcecode.swift; path = BackTitleNavigationBarScreenView.swift; sourceTree = "<group>"; };
		2E95BB2927B315B80097CA46 /* PictureButton.swift */ = {isa = PBXFileReference; lastKnownFileType = sourcecode.swift; path = PictureButton.swift; sourceTree = "<group>"; };
		2E96212627AFD93200DF0DD4 /* EditCategoryScreenViewController.swift */ = {isa = PBXFileReference; lastKnownFileType = sourcecode.swift; path = EditCategoryScreenViewController.swift; sourceTree = "<group>"; };
		2E96212827AFD93C00DF0DD4 /* EditCategoryScreenView.swift */ = {isa = PBXFileReference; lastKnownFileType = sourcecode.swift; path = EditCategoryScreenView.swift; sourceTree = "<group>"; };
		2E96212D27AFD94C00DF0DD4 /* en */ = {isa = PBXFileReference; lastKnownFileType = text.plist.strings; name = en; path = en.lproj/EditCategoryScreenStrings.strings; sourceTree = "<group>"; };
		2EB109FA27A6C30C00743416 /* MoneyTracker.app */ = {isa = PBXFileReference; explicitFileType = wrapper.application; includeInIndex = 0; path = MoneyTracker.app; sourceTree = BUILT_PRODUCTS_DIR; };
		2EB10A0627A6C30D00743416 /* Assets.xcassets */ = {isa = PBXFileReference; lastKnownFileType = folder.assetcatalog; path = Assets.xcassets; sourceTree = "<group>"; };
		2EB10A0927A6C30D00743416 /* Base */ = {isa = PBXFileReference; lastKnownFileType = file.storyboard; name = Base; path = Base.lproj/LaunchScreen.storyboard; sourceTree = "<group>"; };
		2EB10A0B27A6C30D00743416 /* Info.plist */ = {isa = PBXFileReference; lastKnownFileType = text.plist.xml; path = Info.plist; sourceTree = "<group>"; };
		2EB10A1127A6C8CB00743416 /* Application.swift */ = {isa = PBXFileReference; lastKnownFileType = sourcecode.swift; path = Application.swift; sourceTree = "<group>"; };
		2EB10A1327A6C8D400743416 /* main.swift */ = {isa = PBXFileReference; lastKnownFileType = sourcecode.swift; path = main.swift; sourceTree = "<group>"; };
		2EB10A1A27A6CAE500743416 /* MoneyTrackerPresentation.framework */ = {isa = PBXFileReference; explicitFileType = wrapper.framework; includeInIndex = 0; path = MoneyTrackerPresentation.framework; sourceTree = BUILT_PRODUCTS_DIR; };
		2EB10A1C27A6CAE500743416 /* MoneyTrackerPresentation.h */ = {isa = PBXFileReference; lastKnownFileType = sourcecode.c.h; path = MoneyTrackerPresentation.h; sourceTree = "<group>"; };
		2EB10A2927A6CAFF00743416 /* Presentation.swift */ = {isa = PBXFileReference; lastKnownFileType = sourcecode.swift; path = Presentation.swift; sourceTree = "<group>"; };
		2EB10A2D27A6E7B500743416 /* MenuScreenView.swift */ = {isa = PBXFileReference; fileEncoding = 4; lastKnownFileType = sourcecode.swift; path = MenuScreenView.swift; sourceTree = "<group>"; };
		2EB10A2E27A6E7B500743416 /* MenuScreenTabBarItem.swift */ = {isa = PBXFileReference; fileEncoding = 4; lastKnownFileType = sourcecode.swift; path = MenuScreenTabBarItem.swift; sourceTree = "<group>"; };
		2EB10A2F27A6E7B500743416 /* MenuScreenViewController.swift */ = {isa = PBXFileReference; fileEncoding = 4; lastKnownFileType = sourcecode.swift; path = MenuScreenViewController.swift; sourceTree = "<group>"; };
		2EB10A3427A6FE8500743416 /* Images.swift */ = {isa = PBXFileReference; lastKnownFileType = sourcecode.swift; path = Images.swift; sourceTree = "<group>"; };
		2EB10A3627A6FE9800743416 /* Images.xcassets */ = {isa = PBXFileReference; lastKnownFileType = folder.assetcatalog; path = Images.xcassets; sourceTree = "<group>"; };
		2EB10A3927A6FEAE00743416 /* Colors.swift */ = {isa = PBXFileReference; lastKnownFileType = sourcecode.swift; path = Colors.swift; sourceTree = "<group>"; };
		2EB10A3C27A7034400743416 /* Fonts.swift */ = {isa = PBXFileReference; lastKnownFileType = sourcecode.swift; path = Fonts.swift; sourceTree = "<group>"; };
		2EB10A3F27A7065B00743416 /* ScreenLocalizer.swift */ = {isa = PBXFileReference; lastKnownFileType = sourcecode.swift; path = ScreenLocalizer.swift; sourceTree = "<group>"; };
		2EB10A4427A7068E00743416 /* en */ = {isa = PBXFileReference; lastKnownFileType = text.plist.strings; name = en; path = en.lproj/MenuScreenStrings.strings; sourceTree = "<group>"; };
		2EB10A4727A7075700743416 /* Bundle.swift */ = {isa = PBXFileReference; lastKnownFileType = sourcecode.swift; path = Bundle.swift; sourceTree = "<group>"; };
		2EB10A4927A707A300743416 /* Language.swift */ = {isa = PBXFileReference; lastKnownFileType = sourcecode.swift; path = Language.swift; sourceTree = "<group>"; };
		2EC19ACD27A7F64000E1A6FA /* CategoriesScreenViewController.swift */ = {isa = PBXFileReference; lastKnownFileType = sourcecode.swift; path = CategoriesScreenViewController.swift; sourceTree = "<group>"; };
		2EC19ACF27A7F65200E1A6FA /* CategoriesScreenView.swift */ = {isa = PBXFileReference; lastKnownFileType = sourcecode.swift; path = CategoriesScreenView.swift; sourceTree = "<group>"; };
		2EC19AD527A7F78C00E1A6FA /* NavigationBarScreenView.swift */ = {isa = PBXFileReference; lastKnownFileType = sourcecode.swift; path = NavigationBarScreenView.swift; sourceTree = "<group>"; };
		2EC19AD727A8110600E1A6FA /* CategoriesScreenCategoryTableViewCell.swift */ = {isa = PBXFileReference; lastKnownFileType = sourcecode.swift; path = CategoriesScreenCategoryTableViewCell.swift; sourceTree = "<group>"; };
		2EC19AD927A8161200E1A6FA /* CategoriesScreenAddCategoryTableViewCell.swift */ = {isa = PBXFileReference; lastKnownFileType = sourcecode.swift; path = CategoriesScreenAddCategoryTableViewCell.swift; sourceTree = "<group>"; };
		2EC19ADC27A8238F00E1A6FA /* en */ = {isa = PBXFileReference; lastKnownFileType = text.plist.strings; name = en; path = en.lproj/CategoriesScreenStrings.strings; sourceTree = "<group>"; };
		2EC6292B27AC1F3700371252 /* AddCategoryScreenViewController.swift */ = {isa = PBXFileReference; lastKnownFileType = sourcecode.swift; path = AddCategoryScreenViewController.swift; sourceTree = "<group>"; };
		2EC6292D27AC1F4500371252 /* AddCategoryScreenView.swift */ = {isa = PBXFileReference; lastKnownFileType = sourcecode.swift; path = AddCategoryScreenView.swift; sourceTree = "<group>"; };
		2EC6293127AC252300371252 /* AddingCategory.swift */ = {isa = PBXFileReference; lastKnownFileType = sourcecode.swift; path = AddingCategory.swift; sourceTree = "<group>"; };
		2EC6293327AC262000371252 /* AddingCategory.swift */ = {isa = PBXFileReference; lastKnownFileType = sourcecode.swift; path = AddingCategory.swift; sourceTree = "<group>"; };
		2EC6293527AC267D00371252 /* AddingCategory.swift */ = {isa = PBXFileReference; lastKnownFileType = sourcecode.swift; path = AddingCategory.swift; sourceTree = "<group>"; };
		2EC6293827AC282100371252 /* en */ = {isa = PBXFileReference; lastKnownFileType = text.plist.strings; name = en; path = en.lproj/AddCategoryScreenStrings.strings; sourceTree = "<group>"; };
		3BF952E2EAD51B56319BC964 /* Pods-MoneyTrackerPresentation.release.xcconfig */ = {isa = PBXFileReference; includeInIndex = 1; lastKnownFileType = text.xcconfig; name = "Pods-MoneyTrackerPresentation.release.xcconfig"; path = "Target Support Files/Pods-MoneyTrackerPresentation/Pods-MoneyTrackerPresentation.release.xcconfig"; sourceTree = "<group>"; };
		419B3EB9CBB39A081DB419E1 /* Pods_MoneyTrackerStorage.framework */ = {isa = PBXFileReference; explicitFileType = wrapper.framework; includeInIndex = 0; path = Pods_MoneyTrackerStorage.framework; sourceTree = BUILT_PRODUCTS_DIR; };
		4824322390D5C77FA8BBBF93 /* Pods_MoneyTrackerPresentation.framework */ = {isa = PBXFileReference; explicitFileType = wrapper.framework; includeInIndex = 0; path = Pods_MoneyTrackerPresentation.framework; sourceTree = BUILT_PRODUCTS_DIR; };
		91DB6CD061BC073A2D2C4504 /* Pods-MoneyTrackerStorage.debug.xcconfig */ = {isa = PBXFileReference; includeInIndex = 1; lastKnownFileType = text.xcconfig; name = "Pods-MoneyTrackerStorage.debug.xcconfig"; path = "Target Support Files/Pods-MoneyTrackerStorage/Pods-MoneyTrackerStorage.debug.xcconfig"; sourceTree = "<group>"; };
		920095F171BE4702A53D6C7D /* Pods-MoneyTracker.release.xcconfig */ = {isa = PBXFileReference; includeInIndex = 1; lastKnownFileType = text.xcconfig; name = "Pods-MoneyTracker.release.xcconfig"; path = "Target Support Files/Pods-MoneyTracker/Pods-MoneyTracker.release.xcconfig"; sourceTree = "<group>"; };
		B5FBC1001C9260CDC0F2D88C /* Pods-MoneyTrackerStorage.release.xcconfig */ = {isa = PBXFileReference; includeInIndex = 1; lastKnownFileType = text.xcconfig; name = "Pods-MoneyTrackerStorage.release.xcconfig"; path = "Target Support Files/Pods-MoneyTrackerStorage/Pods-MoneyTrackerStorage.release.xcconfig"; sourceTree = "<group>"; };
		DBB7CF7A27AC0C70002C2EAE /* CoreDataAccessor.swift */ = {isa = PBXFileReference; lastKnownFileType = sourcecode.swift; path = CoreDataAccessor.swift; sourceTree = "<group>"; };
		DBB7CF7D27AC0E0D002C2EAE /* CategoriesCoreDataRepo.swift */ = {isa = PBXFileReference; lastKnownFileType = sourcecode.swift; path = CategoriesCoreDataRepo.swift; sourceTree = "<group>"; };
		DBB7CF8427AC120B002C2EAE /* CoreDataModel.xcdatamodel */ = {isa = PBXFileReference; lastKnownFileType = wrapper.xcdatamodel; path = CoreDataModel.xcdatamodel; sourceTree = "<group>"; };
		DBD6ACD127AE775300389236 /* CategoriesOrderCoreDataRepo.swift */ = {isa = PBXFileReference; lastKnownFileType = sourcecode.swift; path = CategoriesOrderCoreDataRepo.swift; sourceTree = "<group>"; };
		DBD6ACD327AF704600389236 /* Currency.swift */ = {isa = PBXFileReference; lastKnownFileType = sourcecode.swift; path = Currency.swift; sourceTree = "<group>"; };
		DBD6ACD527AF719000389236 /* BalanceAccount.swift */ = {isa = PBXFileReference; lastKnownFileType = sourcecode.swift; path = BalanceAccount.swift; sourceTree = "<group>"; };
		DBD6ACD727AF724C00389236 /* BalanceAccountCoreDataRepo.swift */ = {isa = PBXFileReference; lastKnownFileType = sourcecode.swift; path = BalanceAccountCoreDataRepo.swift; sourceTree = "<group>"; };
		DBD6ACD927AF73BA00389236 /* AddingBalanceAccount.swift */ = {isa = PBXFileReference; lastKnownFileType = sourcecode.swift; path = AddingBalanceAccount.swift; sourceTree = "<group>"; };
		DBD6ACDB27AFA8F300389236 /* BalanceAccountsOrderCoreDataRepo.swift */ = {isa = PBXFileReference; lastKnownFileType = sourcecode.swift; path = BalanceAccountsOrderCoreDataRepo.swift; sourceTree = "<group>"; };
		DBD6ACDE27B2A79F00389236 /* SelectCurrencyScreenViewController.swift */ = {isa = PBXFileReference; lastKnownFileType = sourcecode.swift; path = SelectCurrencyScreenViewController.swift; sourceTree = "<group>"; };
		DBD6ACE027B2A7E200389236 /* SelectCurrencyScreenView.swift */ = {isa = PBXFileReference; lastKnownFileType = sourcecode.swift; path = SelectCurrencyScreenView.swift; sourceTree = "<group>"; };
		DBD6ACE527B35BF600389236 /* en */ = {isa = PBXFileReference; lastKnownFileType = text.plist.strings; name = en; path = en.lproj/SelectCurrencyScreenStrings.strings; sourceTree = "<group>"; };
		DBD6ACE927B35D0300389236 /* SelectCurrencyTableViewCell.swift */ = {isa = PBXFileReference; lastKnownFileType = sourcecode.swift; path = SelectCurrencyTableViewCell.swift; sourceTree = "<group>"; };
		E7E1AA165580B202F99BC895 /* Pods-MoneyTrackerPresentation.debug.xcconfig */ = {isa = PBXFileReference; includeInIndex = 1; lastKnownFileType = text.xcconfig; name = "Pods-MoneyTrackerPresentation.debug.xcconfig"; path = "Target Support Files/Pods-MoneyTrackerPresentation/Pods-MoneyTrackerPresentation.debug.xcconfig"; sourceTree = "<group>"; };
		FCC26FF4D9B85D4C02436829 /* Pods-MoneyTracker.debug.xcconfig */ = {isa = PBXFileReference; includeInIndex = 1; lastKnownFileType = text.xcconfig; name = "Pods-MoneyTracker.debug.xcconfig"; path = "Target Support Files/Pods-MoneyTracker/Pods-MoneyTracker.debug.xcconfig"; sourceTree = "<group>"; };
/* End PBXFileReference section */

/* Begin PBXFrameworksBuildPhase section */
		2E91154127A9308B00359F21 /* Frameworks */ = {
			isa = PBXFrameworksBuildPhase;
			buildActionMask = 2147483647;
			files = (
				E431D758E768D52D5969B5DE /* Pods_MoneyTrackerStorage.framework in Frameworks */,
			);
			runOnlyForDeploymentPostprocessing = 0;
		};
		2EB109F727A6C30C00743416 /* Frameworks */ = {
			isa = PBXFrameworksBuildPhase;
			buildActionMask = 2147483647;
			files = (
				2EB10A2027A6CAE500743416 /* MoneyTrackerPresentation.framework in Frameworks */,
				291D2B2ED7A82E2B3C85F570 /* Pods_MoneyTracker.framework in Frameworks */,
				2E91154A27A9308B00359F21 /* MoneyTrackerStorage.framework in Frameworks */,
				2EB10A2627A6CAF100743416 /* MoneyTrackerPresentation.framework in Frameworks */,
			);
			runOnlyForDeploymentPostprocessing = 0;
		};
		2EB10A1727A6CAE500743416 /* Frameworks */ = {
			isa = PBXFrameworksBuildPhase;
			buildActionMask = 2147483647;
			files = (
				C28BCBF9C002CFB6F8BE390D /* Pods_MoneyTrackerPresentation.framework in Frameworks */,
			);
			runOnlyForDeploymentPostprocessing = 0;
		};
/* End PBXFrameworksBuildPhase section */

/* Begin PBXGroup section */
		2E0DB4CE27AD778300A92682 /* Buttons */ = {
			isa = PBXGroup;
			children = (
				2E0DB4CF27AD77B400A92682 /* TextFilledButton.swift */,
				2E95BB2927B315B80097CA46 /* PictureButton.swift */,
			);
			path = Buttons;
			sourceTree = "<group>";
		};
		2E8FF0FC27AEF1B900DA033F /* TableViewCells */ = {
			isa = PBXGroup;
			children = (
				2E8FF0FD27AEF1CA00DA033F /* Category */,
				2E8FF0FE27AEF1DE00DA033F /* AddCategory */,
			);
			path = TableViewCells;
			sourceTree = "<group>";
		};
		2E8FF0FD27AEF1CA00DA033F /* Category */ = {
			isa = PBXGroup;
			children = (
				2EC19AD727A8110600E1A6FA /* CategoriesScreenCategoryTableViewCell.swift */,
			);
			path = Category;
			sourceTree = "<group>";
		};
		2E8FF0FE27AEF1DE00DA033F /* AddCategory */ = {
			isa = PBXGroup;
			children = (
				2EC19AD927A8161200E1A6FA /* CategoriesScreenAddCategoryTableViewCell.swift */,
			);
			path = AddCategory;
			sourceTree = "<group>";
		};
		2E91154527A9308B00359F21 /* MoneyTrackerStorage */ = {
			isa = PBXGroup;
			children = (
				2E91154F27A936B000359F21 /* Storage.swift */,
				2E91155127A9373E00359F21 /* Data */,
				DBB7CF7F27AC0E39002C2EAE /* CoreData */,
				DBB7CF7C27AC0DD4002C2EAE /* Repositories */,
				2E91154627A9308B00359F21 /* MoneyTrackerStorage.h */,
			);
			path = MoneyTrackerStorage;
			sourceTree = "<group>";
		};
		2E91155127A9373E00359F21 /* Data */ = {
			isa = PBXGroup;
			children = (
				2E91155227A9375300359F21 /* Category.swift */,
				2EC6293327AC262000371252 /* AddingCategory.swift */,
				DBD6ACD327AF704600389236 /* Currency.swift */,
				DBD6ACD527AF719000389236 /* BalanceAccount.swift */,
				DBD6ACD927AF73BA00389236 /* AddingBalanceAccount.swift */,
			);
			path = Data;
			sourceTree = "<group>";
		};
		2E91155427A93D4800359F21 /* Data */ = {
			isa = PBXGroup;
			children = (
				2E91155527A93D5C00359F21 /* Category.swift */,
				2EC6293527AC267D00371252 /* AddingCategory.swift */,
			);
			path = Data;
			sourceTree = "<group>";
		};
		2E9289F927AFF9A7002F3403 /* Settings */ = {
			isa = PBXGroup;
			children = (
				2E9289FA27AFF9CA002F3403 /* SettingsScreenViewController.swift */,
				2E9289FC27AFF9E3002F3403 /* SettingsScreenView.swift */,
				2E928A0227AFF9F6002F3403 /* SettingsScreenStrings.strings */,
				2E928A0327AFFD8D002F3403 /* TableView */,
			);
			path = Settings;
			sourceTree = "<group>";
		};
		2E928A0327AFFD8D002F3403 /* TableView */ = {
			isa = PBXGroup;
			children = (
				2E928A0427AFFD98002F3403 /* Cells */,
			);
			path = TableView;
			sourceTree = "<group>";
		};
		2E928A0427AFFD98002F3403 /* Cells */ = {
			isa = PBXGroup;
			children = (
				2E928A0527AFFDA4002F3403 /* TitleIItem */,
			);
			path = Cells;
			sourceTree = "<group>";
		};
		2E928A0527AFFDA4002F3403 /* TitleIItem */ = {
			isa = PBXGroup;
			children = (
				2E928A0627AFFDC5002F3403 /* SettingsScreenTitleItemTableViewCell.swift */,
			);
			path = TitleIItem;
			sourceTree = "<group>";
		};
		2E96212527AFD91B00DF0DD4 /* EditCategory */ = {
			isa = PBXGroup;
			children = (
				2E96212627AFD93200DF0DD4 /* EditCategoryScreenViewController.swift */,
				2E96212827AFD93C00DF0DD4 /* EditCategoryScreenView.swift */,
				2E96212E27AFD94C00DF0DD4 /* EditCategoryScreenStrings.strings */,
			);
			path = EditCategory;
			sourceTree = "<group>";
		};
		2EB109F127A6C30C00743416 = {
			isa = PBXGroup;
			children = (
				2EB109FC27A6C30C00743416 /* MoneyTracker */,
				2E91154527A9308B00359F21 /* MoneyTrackerStorage */,
				2EB10A1B27A6CAE500743416 /* MoneyTrackerPresentation */,
				2EB109FB27A6C30C00743416 /* Products */,
				51E3EA472CC8324F4826A8AD /* Pods */,
				F6CDF223860AC628D18B4DED /* Frameworks */,
			);
			sourceTree = "<group>";
		};
		2EB109FB27A6C30C00743416 /* Products */ = {
			isa = PBXGroup;
			children = (
				2EB109FA27A6C30C00743416 /* MoneyTracker.app */,
				2EB10A1A27A6CAE500743416 /* MoneyTrackerPresentation.framework */,
				2E91154427A9308B00359F21 /* MoneyTrackerStorage.framework */,
			);
			name = Products;
			sourceTree = "<group>";
		};
		2EB109FC27A6C30C00743416 /* MoneyTracker */ = {
			isa = PBXGroup;
			children = (
				2EB10A1327A6C8D400743416 /* main.swift */,
				2EB10A1127A6C8CB00743416 /* Application.swift */,
				2EB10A0627A6C30D00743416 /* Assets.xcassets */,
				2EB10A0827A6C30D00743416 /* LaunchScreen.storyboard */,
				2E91155427A93D4800359F21 /* Data */,
				2EB10A0B27A6C30D00743416 /* Info.plist */,
			);
			path = MoneyTracker;
			sourceTree = "<group>";
		};
		2EB10A1B27A6CAE500743416 /* MoneyTrackerPresentation */ = {
			isa = PBXGroup;
			children = (
				2EB10A2927A6CAFF00743416 /* Presentation.swift */,
				2EB10A4B27A7083200743416 /* Data */,
				2EB10A2B27A6E1F800743416 /* Screens */,
				2EC19AD327A7F75600E1A6FA /* Components */,
				2EB10A3E27A7063A00743416 /* Localizers */,
				2EB10A3327A6FE6B00743416 /* Images */,
				2EB10A3B27A7032F00743416 /* Fonts */,
				2EB10A3827A6FE9D00743416 /* Colors */,
				2EB10A4627A7074A00743416 /* Bundle */,
				2EB10A1C27A6CAE500743416 /* MoneyTrackerPresentation.h */,
			);
			path = MoneyTrackerPresentation;
			sourceTree = "<group>";
		};
		2EB10A2B27A6E1F800743416 /* Screens */ = {
			isa = PBXGroup;
			children = (
				2EB10A2C27A6E7B500743416 /* Menu */,
				2E9289F927AFF9A7002F3403 /* Settings */,
				2EC19ACC27A7F61B00E1A6FA /* Categories */,
				2EC6292A27AC1EF600371252 /* AddCategory */,
				2E96212527AFD91B00DF0DD4 /* EditCategory */,
				DBD6ACDD27B2A76600389236 /* SelectCurrency */,
			);
			path = Screens;
			sourceTree = "<group>";
		};
		2EB10A2C27A6E7B500743416 /* Menu */ = {
			isa = PBXGroup;
			children = (
				2EB10A2F27A6E7B500743416 /* MenuScreenViewController.swift */,
				2EB10A2D27A6E7B500743416 /* MenuScreenView.swift */,
				2EB10A4527A7068E00743416 /* MenuScreenStrings.strings */,
				2EB10A2E27A6E7B500743416 /* MenuScreenTabBarItem.swift */,
			);
			path = Menu;
			sourceTree = "<group>";
		};
		2EB10A3327A6FE6B00743416 /* Images */ = {
			isa = PBXGroup;
			children = (
				2EB10A3427A6FE8500743416 /* Images.swift */,
				2EB10A3627A6FE9800743416 /* Images.xcassets */,
			);
			path = Images;
			sourceTree = "<group>";
		};
		2EB10A3827A6FE9D00743416 /* Colors */ = {
			isa = PBXGroup;
			children = (
				2EB10A3927A6FEAE00743416 /* Colors.swift */,
			);
			path = Colors;
			sourceTree = "<group>";
		};
		2EB10A3B27A7032F00743416 /* Fonts */ = {
			isa = PBXGroup;
			children = (
				2EB10A3C27A7034400743416 /* Fonts.swift */,
			);
			path = Fonts;
			sourceTree = "<group>";
		};
		2EB10A3E27A7063A00743416 /* Localizers */ = {
			isa = PBXGroup;
			children = (
				2EB10A3F27A7065B00743416 /* ScreenLocalizer.swift */,
			);
			path = Localizers;
			sourceTree = "<group>";
		};
		2EB10A4627A7074A00743416 /* Bundle */ = {
			isa = PBXGroup;
			children = (
				2EB10A4727A7075700743416 /* Bundle.swift */,
			);
			path = Bundle;
			sourceTree = "<group>";
		};
		2EB10A4B27A7083200743416 /* Data */ = {
			isa = PBXGroup;
			children = (
				2EB10A4927A707A300743416 /* Language.swift */,
				2E91153D27A92DE600359F21 /* Category.swift */,
				2EC6293127AC252300371252 /* AddingCategory.swift */,
			);
			path = Data;
			sourceTree = "<group>";
		};
		2EC19ACC27A7F61B00E1A6FA /* Categories */ = {
			isa = PBXGroup;
			children = (
				2EC19ACD27A7F64000E1A6FA /* CategoriesScreenViewController.swift */,
				2EC19ACF27A7F65200E1A6FA /* CategoriesScreenView.swift */,
				2EC19ADD27A8238F00E1A6FA /* CategoriesScreenStrings.strings */,
				2E8FF0FC27AEF1B900DA033F /* TableViewCells */,
			);
			path = Categories;
			sourceTree = "<group>";
		};
		2EC19AD327A7F75600E1A6FA /* Components */ = {
			isa = PBXGroup;
			children = (
				2E0DB4CE27AD778300A92682 /* Buttons */,
				2EC19AD427A7F78200E1A6FA /* Screens */,
			);
			path = Components;
			sourceTree = "<group>";
		};
		2EC19AD427A7F78200E1A6FA /* Screens */ = {
			isa = PBXGroup;
			children = (
				2EC19AD527A7F78C00E1A6FA /* NavigationBarScreenView.swift */,
				2E0DB4D127AD79C800A92682 /* TitleNavigationBarScreenView.swift */,
				2E95BB2727B313810097CA46 /* BackTitleNavigationBarScreenView.swift */,
			);
			path = Screens;
			sourceTree = "<group>";
		};
		2EC6292A27AC1EF600371252 /* AddCategory */ = {
			isa = PBXGroup;
			children = (
				2EC6292B27AC1F3700371252 /* AddCategoryScreenViewController.swift */,
				2EC6292D27AC1F4500371252 /* AddCategoryScreenView.swift */,
				2EC6293927AC282100371252 /* AddCategoryScreenStrings.strings */,
			);
			path = AddCategory;
			sourceTree = "<group>";
		};
		51E3EA472CC8324F4826A8AD /* Pods */ = {
			isa = PBXGroup;
			children = (
				FCC26FF4D9B85D4C02436829 /* Pods-MoneyTracker.debug.xcconfig */,
				920095F171BE4702A53D6C7D /* Pods-MoneyTracker.release.xcconfig */,
				E7E1AA165580B202F99BC895 /* Pods-MoneyTrackerPresentation.debug.xcconfig */,
				3BF952E2EAD51B56319BC964 /* Pods-MoneyTrackerPresentation.release.xcconfig */,
				91DB6CD061BC073A2D2C4504 /* Pods-MoneyTrackerStorage.debug.xcconfig */,
				B5FBC1001C9260CDC0F2D88C /* Pods-MoneyTrackerStorage.release.xcconfig */,
			);
			path = Pods;
			sourceTree = "<group>";
		};
		DBB7CF7C27AC0DD4002C2EAE /* Repositories */ = {
			isa = PBXGroup;
			children = (
				DBB7CF7D27AC0E0D002C2EAE /* CategoriesCoreDataRepo.swift */,
				DBD6ACD127AE775300389236 /* CategoriesOrderCoreDataRepo.swift */,
				DBD6ACD727AF724C00389236 /* BalanceAccountCoreDataRepo.swift */,
				DBD6ACDB27AFA8F300389236 /* BalanceAccountsOrderCoreDataRepo.swift */,
			);
			path = Repositories;
			sourceTree = "<group>";
		};
		DBB7CF7F27AC0E39002C2EAE /* CoreData */ = {
			isa = PBXGroup;
			children = (
				DBB7CF7A27AC0C70002C2EAE /* CoreDataAccessor.swift */,
				DBB7CF8327AC120B002C2EAE /* CoreDataModel.xcdatamodeld */,
			);
			path = CoreData;
			sourceTree = "<group>";
		};
		DBD6ACDD27B2A76600389236 /* SelectCurrency */ = {
			isa = PBXGroup;
			children = (
				DBD6ACDE27B2A79F00389236 /* SelectCurrencyScreenViewController.swift */,
				DBD6ACE027B2A7E200389236 /* SelectCurrencyScreenView.swift */,
				DBD6ACE627B35BF600389236 /* SelectCurrencyScreenStrings.strings */,
				DBD6ACE727B35CB200389236 /* TableViewCells */,
			);
			path = SelectCurrency;
			sourceTree = "<group>";
		};
		DBD6ACE727B35CB200389236 /* TableViewCells */ = {
			isa = PBXGroup;
			children = (
				DBD6ACE827B35CC100389236 /* SelectCurrency */,
			);
			path = TableViewCells;
			sourceTree = "<group>";
		};
		DBD6ACE827B35CC100389236 /* SelectCurrency */ = {
			isa = PBXGroup;
			children = (
				DBD6ACE927B35D0300389236 /* SelectCurrencyTableViewCell.swift */,
			);
			path = SelectCurrency;
			sourceTree = "<group>";
		};
		F6CDF223860AC628D18B4DED /* Frameworks */ = {
			isa = PBXGroup;
			children = (
				03925520AAE7EFA6F31C5FDD /* Pods_MoneyTracker.framework */,
				4824322390D5C77FA8BBBF93 /* Pods_MoneyTrackerPresentation.framework */,
				419B3EB9CBB39A081DB419E1 /* Pods_MoneyTrackerStorage.framework */,
			);
			name = Frameworks;
			sourceTree = "<group>";
		};
/* End PBXGroup section */

/* Begin PBXHeadersBuildPhase section */
		2E91153F27A9308B00359F21 /* Headers */ = {
			isa = PBXHeadersBuildPhase;
			buildActionMask = 2147483647;
			files = (
				2E91154727A9308B00359F21 /* MoneyTrackerStorage.h in Headers */,
			);
			runOnlyForDeploymentPostprocessing = 0;
		};
		2EB10A1527A6CAE500743416 /* Headers */ = {
			isa = PBXHeadersBuildPhase;
			buildActionMask = 2147483647;
			files = (
				2EB10A1D27A6CAE500743416 /* MoneyTrackerPresentation.h in Headers */,
			);
			runOnlyForDeploymentPostprocessing = 0;
		};
/* End PBXHeadersBuildPhase section */

/* Begin PBXNativeTarget section */
		2E91154327A9308B00359F21 /* MoneyTrackerStorage */ = {
			isa = PBXNativeTarget;
			buildConfigurationList = 2E91154C27A9308B00359F21 /* Build configuration list for PBXNativeTarget "MoneyTrackerStorage" */;
			buildPhases = (
				DABB76EBA81E362AD56EA4AB /* [CP] Check Pods Manifest.lock */,
				2E91153F27A9308B00359F21 /* Headers */,
				2E91154027A9308B00359F21 /* Sources */,
				2E91154127A9308B00359F21 /* Frameworks */,
				2E91154227A9308B00359F21 /* Resources */,
			);
			buildRules = (
			);
			dependencies = (
			);
			name = MoneyTrackerStorage;
			productName = MoneyTrackerStorage;
			productReference = 2E91154427A9308B00359F21 /* MoneyTrackerStorage.framework */;
			productType = "com.apple.product-type.framework";
		};
		2EB109F927A6C30C00743416 /* MoneyTracker */ = {
			isa = PBXNativeTarget;
			buildConfigurationList = 2EB10A0E27A6C30D00743416 /* Build configuration list for PBXNativeTarget "MoneyTracker" */;
			buildPhases = (
				FD7BF82A9949D6B2D9FDE63A /* [CP] Check Pods Manifest.lock */,
				2EB109F627A6C30C00743416 /* Sources */,
				2EB109F727A6C30C00743416 /* Frameworks */,
				2EB109F827A6C30C00743416 /* Resources */,
				6F5E88B3E336AB2CF96031BE /* [CP] Embed Pods Frameworks */,
				2EB10A2527A6CAE500743416 /* Embed Frameworks */,
			);
			buildRules = (
			);
			dependencies = (
				2EB10A1F27A6CAE500743416 /* PBXTargetDependency */,
				2EB10A2827A6CAF100743416 /* PBXTargetDependency */,
				2E91154927A9308B00359F21 /* PBXTargetDependency */,
			);
			name = MoneyTracker;
			productName = MoneyTracker;
			productReference = 2EB109FA27A6C30C00743416 /* MoneyTracker.app */;
			productType = "com.apple.product-type.application";
		};
		2EB10A1927A6CAE500743416 /* MoneyTrackerPresentation */ = {
			isa = PBXNativeTarget;
			buildConfigurationList = 2EB10A2227A6CAE500743416 /* Build configuration list for PBXNativeTarget "MoneyTrackerPresentation" */;
			buildPhases = (
				482A3C3F19892C873BF2C870 /* [CP] Check Pods Manifest.lock */,
				2EB10A1527A6CAE500743416 /* Headers */,
				2EB10A1627A6CAE500743416 /* Sources */,
				2EB10A1727A6CAE500743416 /* Frameworks */,
				2EB10A1827A6CAE500743416 /* Resources */,
			);
			buildRules = (
			);
			dependencies = (
			);
			name = MoneyTrackerPresentation;
			productName = MoneyTrackerPresentation;
			productReference = 2EB10A1A27A6CAE500743416 /* MoneyTrackerPresentation.framework */;
			productType = "com.apple.product-type.framework";
		};
/* End PBXNativeTarget section */

/* Begin PBXProject section */
		2EB109F227A6C30C00743416 /* Project object */ = {
			isa = PBXProject;
			attributes = {
				BuildIndependentTargetsInParallel = 1;
				LastSwiftUpdateCheck = 1320;
				LastUpgradeCheck = 1320;
				TargetAttributes = {
					2E91154327A9308B00359F21 = {
						CreatedOnToolsVersion = 13.2.1;
						LastSwiftMigration = 1320;
					};
					2EB109F927A6C30C00743416 = {
						CreatedOnToolsVersion = 13.2.1;
					};
					2EB10A1927A6CAE500743416 = {
						CreatedOnToolsVersion = 13.2.1;
						LastSwiftMigration = 1320;
					};
				};
			};
			buildConfigurationList = 2EB109F527A6C30C00743416 /* Build configuration list for PBXProject "MoneyTracker" */;
			compatibilityVersion = "Xcode 13.0";
			developmentRegion = en;
			hasScannedForEncodings = 0;
			knownRegions = (
				en,
				Base,
			);
			mainGroup = 2EB109F127A6C30C00743416;
			productRefGroup = 2EB109FB27A6C30C00743416 /* Products */;
			projectDirPath = "";
			projectRoot = "";
			targets = (
				2EB109F927A6C30C00743416 /* MoneyTracker */,
				2E91154327A9308B00359F21 /* MoneyTrackerStorage */,
				2EB10A1927A6CAE500743416 /* MoneyTrackerPresentation */,
			);
		};
/* End PBXProject section */

/* Begin PBXResourcesBuildPhase section */
		2E91154227A9308B00359F21 /* Resources */ = {
			isa = PBXResourcesBuildPhase;
			buildActionMask = 2147483647;
			files = (
			);
			runOnlyForDeploymentPostprocessing = 0;
		};
		2EB109F827A6C30C00743416 /* Resources */ = {
			isa = PBXResourcesBuildPhase;
			buildActionMask = 2147483647;
			files = (
				2EB10A0A27A6C30D00743416 /* LaunchScreen.storyboard in Resources */,
				2EB10A0727A6C30D00743416 /* Assets.xcassets in Resources */,
			);
			runOnlyForDeploymentPostprocessing = 0;
		};
		2EB10A1827A6CAE500743416 /* Resources */ = {
			isa = PBXResourcesBuildPhase;
			buildActionMask = 2147483647;
			files = (
				2E928A0027AFF9F6002F3403 /* SettingsScreenStrings.strings in Resources */,
				2EB10A4327A7068E00743416 /* MenuScreenStrings.strings in Resources */,
				2E96212C27AFD94C00DF0DD4 /* EditCategoryScreenStrings.strings in Resources */,
				2EB10A3727A6FE9800743416 /* Images.xcassets in Resources */,
				2EC6293727AC282100371252 /* AddCategoryScreenStrings.strings in Resources */,
				DBD6ACE427B35BF600389236 /* SelectCurrencyScreenStrings.strings in Resources */,
				2EC19ADB27A8238F00E1A6FA /* CategoriesScreenStrings.strings in Resources */,
			);
			runOnlyForDeploymentPostprocessing = 0;
		};
/* End PBXResourcesBuildPhase section */

/* Begin PBXShellScriptBuildPhase section */
		482A3C3F19892C873BF2C870 /* [CP] Check Pods Manifest.lock */ = {
			isa = PBXShellScriptBuildPhase;
			buildActionMask = 2147483647;
			files = (
			);
			inputFileListPaths = (
			);
			inputPaths = (
				"${PODS_PODFILE_DIR_PATH}/Podfile.lock",
				"${PODS_ROOT}/Manifest.lock",
			);
			name = "[CP] Check Pods Manifest.lock";
			outputFileListPaths = (
			);
			outputPaths = (
				"$(DERIVED_FILE_DIR)/Pods-MoneyTrackerPresentation-checkManifestLockResult.txt",
			);
			runOnlyForDeploymentPostprocessing = 0;
			shellPath = /bin/sh;
			shellScript = "diff \"${PODS_PODFILE_DIR_PATH}/Podfile.lock\" \"${PODS_ROOT}/Manifest.lock\" > /dev/null\nif [ $? != 0 ] ; then\n    # print error to STDERR\n    echo \"error: The sandbox is not in sync with the Podfile.lock. Run 'pod install' or update your CocoaPods installation.\" >&2\n    exit 1\nfi\n# This output is used by Xcode 'outputs' to avoid re-running this script phase.\necho \"SUCCESS\" > \"${SCRIPT_OUTPUT_FILE_0}\"\n";
			showEnvVarsInLog = 0;
		};
		6F5E88B3E336AB2CF96031BE /* [CP] Embed Pods Frameworks */ = {
			isa = PBXShellScriptBuildPhase;
			buildActionMask = 2147483647;
			files = (
			);
			inputFileListPaths = (
				"${PODS_ROOT}/Target Support Files/Pods-MoneyTracker/Pods-MoneyTracker-frameworks-${CONFIGURATION}-input-files.xcfilelist",
			);
			name = "[CP] Embed Pods Frameworks";
			outputFileListPaths = (
				"${PODS_ROOT}/Target Support Files/Pods-MoneyTracker/Pods-MoneyTracker-frameworks-${CONFIGURATION}-output-files.xcfilelist",
			);
			runOnlyForDeploymentPostprocessing = 0;
			shellPath = /bin/sh;
			shellScript = "\"${PODS_ROOT}/Target Support Files/Pods-MoneyTracker/Pods-MoneyTracker-frameworks.sh\"\n";
			showEnvVarsInLog = 0;
		};
		DABB76EBA81E362AD56EA4AB /* [CP] Check Pods Manifest.lock */ = {
			isa = PBXShellScriptBuildPhase;
			buildActionMask = 2147483647;
			files = (
			);
			inputFileListPaths = (
			);
			inputPaths = (
				"${PODS_PODFILE_DIR_PATH}/Podfile.lock",
				"${PODS_ROOT}/Manifest.lock",
			);
			name = "[CP] Check Pods Manifest.lock";
			outputFileListPaths = (
			);
			outputPaths = (
				"$(DERIVED_FILE_DIR)/Pods-MoneyTrackerStorage-checkManifestLockResult.txt",
			);
			runOnlyForDeploymentPostprocessing = 0;
			shellPath = /bin/sh;
			shellScript = "diff \"${PODS_PODFILE_DIR_PATH}/Podfile.lock\" \"${PODS_ROOT}/Manifest.lock\" > /dev/null\nif [ $? != 0 ] ; then\n    # print error to STDERR\n    echo \"error: The sandbox is not in sync with the Podfile.lock. Run 'pod install' or update your CocoaPods installation.\" >&2\n    exit 1\nfi\n# This output is used by Xcode 'outputs' to avoid re-running this script phase.\necho \"SUCCESS\" > \"${SCRIPT_OUTPUT_FILE_0}\"\n";
			showEnvVarsInLog = 0;
		};
		FD7BF82A9949D6B2D9FDE63A /* [CP] Check Pods Manifest.lock */ = {
			isa = PBXShellScriptBuildPhase;
			buildActionMask = 2147483647;
			files = (
			);
			inputFileListPaths = (
			);
			inputPaths = (
				"${PODS_PODFILE_DIR_PATH}/Podfile.lock",
				"${PODS_ROOT}/Manifest.lock",
			);
			name = "[CP] Check Pods Manifest.lock";
			outputFileListPaths = (
			);
			outputPaths = (
				"$(DERIVED_FILE_DIR)/Pods-MoneyTracker-checkManifestLockResult.txt",
			);
			runOnlyForDeploymentPostprocessing = 0;
			shellPath = /bin/sh;
			shellScript = "diff \"${PODS_PODFILE_DIR_PATH}/Podfile.lock\" \"${PODS_ROOT}/Manifest.lock\" > /dev/null\nif [ $? != 0 ] ; then\n    # print error to STDERR\n    echo \"error: The sandbox is not in sync with the Podfile.lock. Run 'pod install' or update your CocoaPods installation.\" >&2\n    exit 1\nfi\n# This output is used by Xcode 'outputs' to avoid re-running this script phase.\necho \"SUCCESS\" > \"${SCRIPT_OUTPUT_FILE_0}\"\n";
			showEnvVarsInLog = 0;
		};
/* End PBXShellScriptBuildPhase section */

/* Begin PBXSourcesBuildPhase section */
		2E91154027A9308B00359F21 /* Sources */ = {
			isa = PBXSourcesBuildPhase;
			buildActionMask = 2147483647;
			files = (
				2E91155027A936B100359F21 /* Storage.swift in Sources */,
				DBB7CF7B27AC0C70002C2EAE /* CoreDataAccessor.swift in Sources */,
				2EC6293427AC262000371252 /* AddingCategory.swift in Sources */,
				2E91155327A9375300359F21 /* Category.swift in Sources */,
				DBD6ACDC27AFA8F300389236 /* BalanceAccountsOrderCoreDataRepo.swift in Sources */,
				DBD6ACD427AF704600389236 /* Currency.swift in Sources */,
				DBD6ACD227AE775300389236 /* CategoriesOrderCoreDataRepo.swift in Sources */,
				DBD6ACD827AF724C00389236 /* BalanceAccountCoreDataRepo.swift in Sources */,
				DBB7CF7E27AC0E0D002C2EAE /* CategoriesCoreDataRepo.swift in Sources */,
				DBD6ACDA27AF73BA00389236 /* AddingBalanceAccount.swift in Sources */,
				DBB7CF8527AC120B002C2EAE /* CoreDataModel.xcdatamodeld in Sources */,
				DBD6ACD627AF719000389236 /* BalanceAccount.swift in Sources */,
			);
			runOnlyForDeploymentPostprocessing = 0;
		};
		2EB109F627A6C30C00743416 /* Sources */ = {
			isa = PBXSourcesBuildPhase;
			buildActionMask = 2147483647;
			files = (
				2EC6293627AC267D00371252 /* AddingCategory.swift in Sources */,
				2EB10A1227A6C8CB00743416 /* Application.swift in Sources */,
				2EB10A1427A6C8D400743416 /* main.swift in Sources */,
				2E91155627A93D5C00359F21 /* Category.swift in Sources */,
			);
			runOnlyForDeploymentPostprocessing = 0;
		};
		2EB10A1627A6CAE500743416 /* Sources */ = {
			isa = PBXSourcesBuildPhase;
			buildActionMask = 2147483647;
			files = (
				2EB10A3D27A7034400743416 /* Fonts.swift in Sources */,
				2EB10A4A27A707A300743416 /* Language.swift in Sources */,
				2EC19AD027A7F65200E1A6FA /* CategoriesScreenView.swift in Sources */,
				2EC19ADA27A8161200E1A6FA /* CategoriesScreenAddCategoryTableViewCell.swift in Sources */,
				2EC19AD827A8110600E1A6FA /* CategoriesScreenCategoryTableViewCell.swift in Sources */,
				2EB10A4827A7075700743416 /* Bundle.swift in Sources */,
				2E0DB4D027AD77B400A92682 /* TextFilledButton.swift in Sources */,
				DBD6ACE127B2A7E200389236 /* SelectCurrencyScreenView.swift in Sources */,
				2EB10A3127A6E7B500743416 /* MenuScreenTabBarItem.swift in Sources */,
				2E96212927AFD93C00DF0DD4 /* EditCategoryScreenView.swift in Sources */,
				2E91153E27A92DE600359F21 /* Category.swift in Sources */,
				2E95BB2A27B315B80097CA46 /* PictureButton.swift in Sources */,
				2EB10A3A27A6FEAE00743416 /* Colors.swift in Sources */,
				2EB10A2A27A6CAFF00743416 /* Presentation.swift in Sources */,
				2EB10A3527A6FE8500743416 /* Images.swift in Sources */,
				2EC19ACE27A7F64000E1A6FA /* CategoriesScreenViewController.swift in Sources */,
				2EB10A4027A7065B00743416 /* ScreenLocalizer.swift in Sources */,
				2E96212727AFD93200DF0DD4 /* EditCategoryScreenViewController.swift in Sources */,
				2E928A0727AFFDC5002F3403 /* SettingsScreenTitleItemTableViewCell.swift in Sources */,
				2EC6292C27AC1F3700371252 /* AddCategoryScreenViewController.swift in Sources */,
				2E9289FB27AFF9CA002F3403 /* SettingsScreenViewController.swift in Sources */,
				2EB10A3227A6E7B500743416 /* MenuScreenViewController.swift in Sources */,
				2EB10A3027A6E7B500743416 /* MenuScreenView.swift in Sources */,
				2E9289FD27AFF9E3002F3403 /* SettingsScreenView.swift in Sources */,
				DBD6ACDF27B2A79F00389236 /* SelectCurrencyScreenViewController.swift in Sources */,
				DBD6ACEA27B35D0300389236 /* SelectCurrencyTableViewCell.swift in Sources */,
				2EC6292E27AC1F4500371252 /* AddCategoryScreenView.swift in Sources */,
				2EC19AD627A7F78C00E1A6FA /* NavigationBarScreenView.swift in Sources */,
				2EC6293227AC252300371252 /* AddingCategory.swift in Sources */,
				2E95BB2827B313810097CA46 /* BackTitleNavigationBarScreenView.swift in Sources */,
				2E0DB4D227AD79C800A92682 /* TitleNavigationBarScreenView.swift in Sources */,
			);
			runOnlyForDeploymentPostprocessing = 0;
		};
/* End PBXSourcesBuildPhase section */

/* Begin PBXTargetDependency section */
		2E91154927A9308B00359F21 /* PBXTargetDependency */ = {
			isa = PBXTargetDependency;
			target = 2E91154327A9308B00359F21 /* MoneyTrackerStorage */;
			targetProxy = 2E91154827A9308B00359F21 /* PBXContainerItemProxy */;
		};
		2EB10A1F27A6CAE500743416 /* PBXTargetDependency */ = {
			isa = PBXTargetDependency;
			target = 2EB10A1927A6CAE500743416 /* MoneyTrackerPresentation */;
			targetProxy = 2EB10A1E27A6CAE500743416 /* PBXContainerItemProxy */;
		};
		2EB10A2827A6CAF100743416 /* PBXTargetDependency */ = {
			isa = PBXTargetDependency;
			target = 2EB10A1927A6CAE500743416 /* MoneyTrackerPresentation */;
			targetProxy = 2EB10A2727A6CAF100743416 /* PBXContainerItemProxy */;
		};
/* End PBXTargetDependency section */

/* Begin PBXVariantGroup section */
		2E928A0227AFF9F6002F3403 /* SettingsScreenStrings.strings */ = {
			isa = PBXVariantGroup;
			children = (
				2E928A0127AFF9F6002F3403 /* en */,
			);
			name = SettingsScreenStrings.strings;
			sourceTree = "<group>";
		};
		2E96212E27AFD94C00DF0DD4 /* EditCategoryScreenStrings.strings */ = {
			isa = PBXVariantGroup;
			children = (
				2E96212D27AFD94C00DF0DD4 /* en */,
			);
			name = EditCategoryScreenStrings.strings;
			sourceTree = "<group>";
		};
		2EB10A0827A6C30D00743416 /* LaunchScreen.storyboard */ = {
			isa = PBXVariantGroup;
			children = (
				2EB10A0927A6C30D00743416 /* Base */,
			);
			name = LaunchScreen.storyboard;
			sourceTree = "<group>";
		};
		2EB10A4527A7068E00743416 /* MenuScreenStrings.strings */ = {
			isa = PBXVariantGroup;
			children = (
				2EB10A4427A7068E00743416 /* en */,
			);
			name = MenuScreenStrings.strings;
			sourceTree = "<group>";
		};
		2EC19ADD27A8238F00E1A6FA /* CategoriesScreenStrings.strings */ = {
			isa = PBXVariantGroup;
			children = (
				2EC19ADC27A8238F00E1A6FA /* en */,
			);
			name = CategoriesScreenStrings.strings;
			sourceTree = "<group>";
		};
		2EC6293927AC282100371252 /* AddCategoryScreenStrings.strings */ = {
			isa = PBXVariantGroup;
			children = (
				2EC6293827AC282100371252 /* en */,
			);
			name = AddCategoryScreenStrings.strings;
			sourceTree = "<group>";
		};
		DBD6ACE627B35BF600389236 /* SelectCurrencyScreenStrings.strings */ = {
			isa = PBXVariantGroup;
			children = (
				DBD6ACE527B35BF600389236 /* en */,
			);
			name = SelectCurrencyScreenStrings.strings;
			sourceTree = "<group>";
		};
/* End PBXVariantGroup section */

/* Begin XCBuildConfiguration section */
		2E91154D27A9308B00359F21 /* Debug */ = {
			isa = XCBuildConfiguration;
			baseConfigurationReference = 91DB6CD061BC073A2D2C4504 /* Pods-MoneyTrackerStorage.debug.xcconfig */;
			buildSettings = {
				CLANG_ENABLE_MODULES = YES;
				CODE_SIGN_STYLE = Automatic;
				CURRENT_PROJECT_VERSION = 1;
				DEFINES_MODULE = YES;
				DEVELOPMENT_TEAM = "";
				DYLIB_COMPATIBILITY_VERSION = 1;
				DYLIB_CURRENT_VERSION = 1;
				DYLIB_INSTALL_NAME_BASE = "@rpath";
				GENERATE_INFOPLIST_FILE = YES;
				INFOPLIST_KEY_NSHumanReadableCopyright = "";
				INSTALL_PATH = "$(LOCAL_LIBRARY_DIR)/Frameworks";
				IPHONEOS_DEPLOYMENT_TARGET = 15.0;
				LD_RUNPATH_SEARCH_PATHS = (
					"$(inherited)",
					"@executable_path/Frameworks",
					"@loader_path/Frameworks",
				);
				MARKETING_VERSION = 1.0;
				PRODUCT_BUNDLE_IDENTIFIER = com.moneytracker.MoneyTrackerStorage;
				PRODUCT_NAME = "$(TARGET_NAME:c99extidentifier)";
				SKIP_INSTALL = YES;
				SUPPORTS_MACCATALYST = NO;
				SWIFT_EMIT_LOC_STRINGS = YES;
				SWIFT_OPTIMIZATION_LEVEL = "-Onone";
				SWIFT_VERSION = 5.0;
				TARGETED_DEVICE_FAMILY = 1;
				VERSIONING_SYSTEM = "apple-generic";
				VERSION_INFO_PREFIX = "";
			};
			name = Debug;
		};
		2E91154E27A9308B00359F21 /* Release */ = {
			isa = XCBuildConfiguration;
			baseConfigurationReference = B5FBC1001C9260CDC0F2D88C /* Pods-MoneyTrackerStorage.release.xcconfig */;
			buildSettings = {
				CLANG_ENABLE_MODULES = YES;
				CODE_SIGN_STYLE = Automatic;
				CURRENT_PROJECT_VERSION = 1;
				DEFINES_MODULE = YES;
				DEVELOPMENT_TEAM = "";
				DYLIB_COMPATIBILITY_VERSION = 1;
				DYLIB_CURRENT_VERSION = 1;
				DYLIB_INSTALL_NAME_BASE = "@rpath";
				GENERATE_INFOPLIST_FILE = YES;
				INFOPLIST_KEY_NSHumanReadableCopyright = "";
				INSTALL_PATH = "$(LOCAL_LIBRARY_DIR)/Frameworks";
				IPHONEOS_DEPLOYMENT_TARGET = 15.0;
				LD_RUNPATH_SEARCH_PATHS = (
					"$(inherited)",
					"@executable_path/Frameworks",
					"@loader_path/Frameworks",
				);
				MARKETING_VERSION = 1.0;
				PRODUCT_BUNDLE_IDENTIFIER = com.moneytracker.MoneyTrackerStorage;
				PRODUCT_NAME = "$(TARGET_NAME:c99extidentifier)";
				SKIP_INSTALL = YES;
				SUPPORTS_MACCATALYST = NO;
				SWIFT_EMIT_LOC_STRINGS = YES;
				SWIFT_VERSION = 5.0;
				TARGETED_DEVICE_FAMILY = 1;
				VERSIONING_SYSTEM = "apple-generic";
				VERSION_INFO_PREFIX = "";
			};
			name = Release;
		};
		2EB10A0C27A6C30D00743416 /* Debug */ = {
			isa = XCBuildConfiguration;
			buildSettings = {
				ALWAYS_SEARCH_USER_PATHS = NO;
				CLANG_ANALYZER_NONNULL = YES;
				CLANG_ANALYZER_NUMBER_OBJECT_CONVERSION = YES_AGGRESSIVE;
				CLANG_CXX_LANGUAGE_STANDARD = "gnu++17";
				CLANG_CXX_LIBRARY = "libc++";
				CLANG_ENABLE_MODULES = YES;
				CLANG_ENABLE_OBJC_ARC = YES;
				CLANG_ENABLE_OBJC_WEAK = YES;
				CLANG_WARN_BLOCK_CAPTURE_AUTORELEASING = YES;
				CLANG_WARN_BOOL_CONVERSION = YES;
				CLANG_WARN_COMMA = YES;
				CLANG_WARN_CONSTANT_CONVERSION = YES;
				CLANG_WARN_DEPRECATED_OBJC_IMPLEMENTATIONS = YES;
				CLANG_WARN_DIRECT_OBJC_ISA_USAGE = YES_ERROR;
				CLANG_WARN_DOCUMENTATION_COMMENTS = YES;
				CLANG_WARN_EMPTY_BODY = YES;
				CLANG_WARN_ENUM_CONVERSION = YES;
				CLANG_WARN_INFINITE_RECURSION = YES;
				CLANG_WARN_INT_CONVERSION = YES;
				CLANG_WARN_NON_LITERAL_NULL_CONVERSION = YES;
				CLANG_WARN_OBJC_IMPLICIT_RETAIN_SELF = YES;
				CLANG_WARN_OBJC_LITERAL_CONVERSION = YES;
				CLANG_WARN_OBJC_ROOT_CLASS = YES_ERROR;
				CLANG_WARN_QUOTED_INCLUDE_IN_FRAMEWORK_HEADER = YES;
				CLANG_WARN_RANGE_LOOP_ANALYSIS = YES;
				CLANG_WARN_STRICT_PROTOTYPES = YES;
				CLANG_WARN_SUSPICIOUS_MOVE = YES;
				CLANG_WARN_UNGUARDED_AVAILABILITY = YES_AGGRESSIVE;
				CLANG_WARN_UNREACHABLE_CODE = YES;
				CLANG_WARN__DUPLICATE_METHOD_MATCH = YES;
				COPY_PHASE_STRIP = NO;
				DEBUG_INFORMATION_FORMAT = dwarf;
				ENABLE_STRICT_OBJC_MSGSEND = YES;
				ENABLE_TESTABILITY = YES;
				GCC_C_LANGUAGE_STANDARD = gnu11;
				GCC_DYNAMIC_NO_PIC = NO;
				GCC_NO_COMMON_BLOCKS = YES;
				GCC_OPTIMIZATION_LEVEL = 0;
				GCC_PREPROCESSOR_DEFINITIONS = (
					"DEBUG=1",
					"$(inherited)",
				);
				GCC_WARN_64_TO_32_BIT_CONVERSION = YES;
				GCC_WARN_ABOUT_RETURN_TYPE = YES_ERROR;
				GCC_WARN_UNDECLARED_SELECTOR = YES;
				GCC_WARN_UNINITIALIZED_AUTOS = YES_AGGRESSIVE;
				GCC_WARN_UNUSED_FUNCTION = YES;
				GCC_WARN_UNUSED_VARIABLE = YES;
				IPHONEOS_DEPLOYMENT_TARGET = 15.2;
				MTL_ENABLE_DEBUG_INFO = INCLUDE_SOURCE;
				MTL_FAST_MATH = YES;
				ONLY_ACTIVE_ARCH = YES;
				SDKROOT = iphoneos;
				SWIFT_ACTIVE_COMPILATION_CONDITIONS = DEBUG;
				SWIFT_OPTIMIZATION_LEVEL = "-Onone";
			};
			name = Debug;
		};
		2EB10A0D27A6C30D00743416 /* Release */ = {
			isa = XCBuildConfiguration;
			buildSettings = {
				ALWAYS_SEARCH_USER_PATHS = NO;
				CLANG_ANALYZER_NONNULL = YES;
				CLANG_ANALYZER_NUMBER_OBJECT_CONVERSION = YES_AGGRESSIVE;
				CLANG_CXX_LANGUAGE_STANDARD = "gnu++17";
				CLANG_CXX_LIBRARY = "libc++";
				CLANG_ENABLE_MODULES = YES;
				CLANG_ENABLE_OBJC_ARC = YES;
				CLANG_ENABLE_OBJC_WEAK = YES;
				CLANG_WARN_BLOCK_CAPTURE_AUTORELEASING = YES;
				CLANG_WARN_BOOL_CONVERSION = YES;
				CLANG_WARN_COMMA = YES;
				CLANG_WARN_CONSTANT_CONVERSION = YES;
				CLANG_WARN_DEPRECATED_OBJC_IMPLEMENTATIONS = YES;
				CLANG_WARN_DIRECT_OBJC_ISA_USAGE = YES_ERROR;
				CLANG_WARN_DOCUMENTATION_COMMENTS = YES;
				CLANG_WARN_EMPTY_BODY = YES;
				CLANG_WARN_ENUM_CONVERSION = YES;
				CLANG_WARN_INFINITE_RECURSION = YES;
				CLANG_WARN_INT_CONVERSION = YES;
				CLANG_WARN_NON_LITERAL_NULL_CONVERSION = YES;
				CLANG_WARN_OBJC_IMPLICIT_RETAIN_SELF = YES;
				CLANG_WARN_OBJC_LITERAL_CONVERSION = YES;
				CLANG_WARN_OBJC_ROOT_CLASS = YES_ERROR;
				CLANG_WARN_QUOTED_INCLUDE_IN_FRAMEWORK_HEADER = YES;
				CLANG_WARN_RANGE_LOOP_ANALYSIS = YES;
				CLANG_WARN_STRICT_PROTOTYPES = YES;
				CLANG_WARN_SUSPICIOUS_MOVE = YES;
				CLANG_WARN_UNGUARDED_AVAILABILITY = YES_AGGRESSIVE;
				CLANG_WARN_UNREACHABLE_CODE = YES;
				CLANG_WARN__DUPLICATE_METHOD_MATCH = YES;
				COPY_PHASE_STRIP = NO;
				DEBUG_INFORMATION_FORMAT = "dwarf-with-dsym";
				ENABLE_NS_ASSERTIONS = NO;
				ENABLE_STRICT_OBJC_MSGSEND = YES;
				GCC_C_LANGUAGE_STANDARD = gnu11;
				GCC_NO_COMMON_BLOCKS = YES;
				GCC_WARN_64_TO_32_BIT_CONVERSION = YES;
				GCC_WARN_ABOUT_RETURN_TYPE = YES_ERROR;
				GCC_WARN_UNDECLARED_SELECTOR = YES;
				GCC_WARN_UNINITIALIZED_AUTOS = YES_AGGRESSIVE;
				GCC_WARN_UNUSED_FUNCTION = YES;
				GCC_WARN_UNUSED_VARIABLE = YES;
				IPHONEOS_DEPLOYMENT_TARGET = 15.2;
				MTL_ENABLE_DEBUG_INFO = NO;
				MTL_FAST_MATH = YES;
				SDKROOT = iphoneos;
				SWIFT_COMPILATION_MODE = wholemodule;
				SWIFT_OPTIMIZATION_LEVEL = "-O";
				VALIDATE_PRODUCT = YES;
			};
			name = Release;
		};
		2EB10A0F27A6C30D00743416 /* Debug */ = {
			isa = XCBuildConfiguration;
			baseConfigurationReference = FCC26FF4D9B85D4C02436829 /* Pods-MoneyTracker.debug.xcconfig */;
			buildSettings = {
				ALWAYS_EMBED_SWIFT_STANDARD_LIBRARIES = YES;
				ASSETCATALOG_COMPILER_APPICON_NAME = AppIcon;
				ASSETCATALOG_COMPILER_GLOBAL_ACCENT_COLOR_NAME = AccentColor;
				CODE_SIGN_STYLE = Manual;
				CURRENT_PROJECT_VERSION = 1;
				DEVELOPMENT_TEAM = "";
				GENERATE_INFOPLIST_FILE = YES;
				INFOPLIST_FILE = MoneyTracker/Info.plist;
				INFOPLIST_KEY_UIApplicationSupportsIndirectInputEvents = YES;
				INFOPLIST_KEY_UILaunchStoryboardName = LaunchScreen;
				INFOPLIST_KEY_UIMainStoryboardFile = LaunchScreen;
				INFOPLIST_KEY_UISupportedInterfaceOrientations = UIInterfaceOrientationPortrait;
				INFOPLIST_KEY_UISupportedInterfaceOrientations_iPad = "UIInterfaceOrientationPortrait UIInterfaceOrientationPortraitUpsideDown UIInterfaceOrientationLandscapeLeft UIInterfaceOrientationLandscapeRight";
				INFOPLIST_KEY_UISupportedInterfaceOrientations_iPhone = "UIInterfaceOrientationPortrait UIInterfaceOrientationLandscapeLeft UIInterfaceOrientationLandscapeRight";
				IPHONEOS_DEPLOYMENT_TARGET = 15.0;
				LD_RUNPATH_SEARCH_PATHS = (
					"$(inherited)",
					"@executable_path/Frameworks",
				);
				MARKETING_VERSION = 1.0;
				PRODUCT_BUNDLE_IDENTIFIER = com.moneytracker.MoneyTracker;
				PRODUCT_NAME = "$(TARGET_NAME)";
				PROVISIONING_PROFILE_SPECIFIER = "";
				SWIFT_EMIT_LOC_STRINGS = YES;
				SWIFT_VERSION = 5.0;
				TARGETED_DEVICE_FAMILY = 1;
			};
			name = Debug;
		};
		2EB10A1027A6C30D00743416 /* Release */ = {
			isa = XCBuildConfiguration;
			baseConfigurationReference = 920095F171BE4702A53D6C7D /* Pods-MoneyTracker.release.xcconfig */;
			buildSettings = {
				ALWAYS_EMBED_SWIFT_STANDARD_LIBRARIES = YES;
				ASSETCATALOG_COMPILER_APPICON_NAME = AppIcon;
				ASSETCATALOG_COMPILER_GLOBAL_ACCENT_COLOR_NAME = AccentColor;
				CODE_SIGN_STYLE = Manual;
				CURRENT_PROJECT_VERSION = 1;
				DEVELOPMENT_TEAM = "";
				GENERATE_INFOPLIST_FILE = YES;
				INFOPLIST_FILE = MoneyTracker/Info.plist;
				INFOPLIST_KEY_UIApplicationSupportsIndirectInputEvents = YES;
				INFOPLIST_KEY_UILaunchStoryboardName = LaunchScreen;
				INFOPLIST_KEY_UIMainStoryboardFile = LaunchScreen;
				INFOPLIST_KEY_UISupportedInterfaceOrientations = UIInterfaceOrientationPortrait;
				INFOPLIST_KEY_UISupportedInterfaceOrientations_iPad = "UIInterfaceOrientationPortrait UIInterfaceOrientationPortraitUpsideDown UIInterfaceOrientationLandscapeLeft UIInterfaceOrientationLandscapeRight";
				INFOPLIST_KEY_UISupportedInterfaceOrientations_iPhone = "UIInterfaceOrientationPortrait UIInterfaceOrientationLandscapeLeft UIInterfaceOrientationLandscapeRight";
				IPHONEOS_DEPLOYMENT_TARGET = 15.0;
				LD_RUNPATH_SEARCH_PATHS = (
					"$(inherited)",
					"@executable_path/Frameworks",
				);
				MARKETING_VERSION = 1.0;
				PRODUCT_BUNDLE_IDENTIFIER = com.moneytracker.MoneyTracker;
				PRODUCT_NAME = "$(TARGET_NAME)";
				PROVISIONING_PROFILE_SPECIFIER = "";
				SWIFT_EMIT_LOC_STRINGS = YES;
				SWIFT_VERSION = 5.0;
				TARGETED_DEVICE_FAMILY = 1;
			};
			name = Release;
		};
		2EB10A2327A6CAE500743416 /* Debug */ = {
			isa = XCBuildConfiguration;
			baseConfigurationReference = E7E1AA165580B202F99BC895 /* Pods-MoneyTrackerPresentation.debug.xcconfig */;
			buildSettings = {
				CLANG_ENABLE_MODULES = YES;
				CODE_SIGN_STYLE = Manual;
				CURRENT_PROJECT_VERSION = 1;
				DEFINES_MODULE = YES;
				DEVELOPMENT_TEAM = "";
				DYLIB_COMPATIBILITY_VERSION = 1;
				DYLIB_CURRENT_VERSION = 1;
				DYLIB_INSTALL_NAME_BASE = "@rpath";
				GENERATE_INFOPLIST_FILE = YES;
				INFOPLIST_KEY_NSHumanReadableCopyright = "";
				INSTALL_PATH = "$(LOCAL_LIBRARY_DIR)/Frameworks";
				IPHONEOS_DEPLOYMENT_TARGET = 15.0;
				LD_RUNPATH_SEARCH_PATHS = (
					"$(inherited)",
					"@executable_path/Frameworks",
					"@loader_path/Frameworks",
				);
				MARKETING_VERSION = 1.0;
				PRODUCT_BUNDLE_IDENTIFIER = com.moneytracker.MoneyTrackerPresentation;
				PRODUCT_NAME = "$(TARGET_NAME:c99extidentifier)";
				PROVISIONING_PROFILE_SPECIFIER = "";
				SKIP_INSTALL = YES;
				SUPPORTS_MACCATALYST = NO;
				SWIFT_EMIT_LOC_STRINGS = YES;
				SWIFT_OPTIMIZATION_LEVEL = "-Onone";
				SWIFT_VERSION = 5.0;
				TARGETED_DEVICE_FAMILY = 1;
				VERSIONING_SYSTEM = "apple-generic";
				VERSION_INFO_PREFIX = "";
			};
			name = Debug;
		};
		2EB10A2427A6CAE500743416 /* Release */ = {
			isa = XCBuildConfiguration;
			baseConfigurationReference = 3BF952E2EAD51B56319BC964 /* Pods-MoneyTrackerPresentation.release.xcconfig */;
			buildSettings = {
				CLANG_ENABLE_MODULES = YES;
				CODE_SIGN_STYLE = Manual;
				CURRENT_PROJECT_VERSION = 1;
				DEFINES_MODULE = YES;
				DEVELOPMENT_TEAM = "";
				DYLIB_COMPATIBILITY_VERSION = 1;
				DYLIB_CURRENT_VERSION = 1;
				DYLIB_INSTALL_NAME_BASE = "@rpath";
				GENERATE_INFOPLIST_FILE = YES;
				INFOPLIST_KEY_NSHumanReadableCopyright = "";
				INSTALL_PATH = "$(LOCAL_LIBRARY_DIR)/Frameworks";
				IPHONEOS_DEPLOYMENT_TARGET = 15.0;
				LD_RUNPATH_SEARCH_PATHS = (
					"$(inherited)",
					"@executable_path/Frameworks",
					"@loader_path/Frameworks",
				);
				MARKETING_VERSION = 1.0;
				PRODUCT_BUNDLE_IDENTIFIER = com.moneytracker.MoneyTrackerPresentation;
				PRODUCT_NAME = "$(TARGET_NAME:c99extidentifier)";
				PROVISIONING_PROFILE_SPECIFIER = "";
				SKIP_INSTALL = YES;
				SUPPORTS_MACCATALYST = NO;
				SWIFT_EMIT_LOC_STRINGS = YES;
				SWIFT_VERSION = 5.0;
				TARGETED_DEVICE_FAMILY = 1;
				VERSIONING_SYSTEM = "apple-generic";
				VERSION_INFO_PREFIX = "";
			};
			name = Release;
		};
/* End XCBuildConfiguration section */

/* Begin XCConfigurationList section */
		2E91154C27A9308B00359F21 /* Build configuration list for PBXNativeTarget "MoneyTrackerStorage" */ = {
			isa = XCConfigurationList;
			buildConfigurations = (
				2E91154D27A9308B00359F21 /* Debug */,
				2E91154E27A9308B00359F21 /* Release */,
			);
			defaultConfigurationIsVisible = 0;
			defaultConfigurationName = Release;
		};
		2EB109F527A6C30C00743416 /* Build configuration list for PBXProject "MoneyTracker" */ = {
			isa = XCConfigurationList;
			buildConfigurations = (
				2EB10A0C27A6C30D00743416 /* Debug */,
				2EB10A0D27A6C30D00743416 /* Release */,
			);
			defaultConfigurationIsVisible = 0;
			defaultConfigurationName = Release;
		};
		2EB10A0E27A6C30D00743416 /* Build configuration list for PBXNativeTarget "MoneyTracker" */ = {
			isa = XCConfigurationList;
			buildConfigurations = (
				2EB10A0F27A6C30D00743416 /* Debug */,
				2EB10A1027A6C30D00743416 /* Release */,
			);
			defaultConfigurationIsVisible = 0;
			defaultConfigurationName = Release;
		};
		2EB10A2227A6CAE500743416 /* Build configuration list for PBXNativeTarget "MoneyTrackerPresentation" */ = {
			isa = XCConfigurationList;
			buildConfigurations = (
				2EB10A2327A6CAE500743416 /* Debug */,
				2EB10A2427A6CAE500743416 /* Release */,
			);
			defaultConfigurationIsVisible = 0;
			defaultConfigurationName = Release;
		};
/* End XCConfigurationList section */

/* Begin XCVersionGroup section */
		DBB7CF8327AC120B002C2EAE /* CoreDataModel.xcdatamodeld */ = {
			isa = XCVersionGroup;
			children = (
				DBB7CF8427AC120B002C2EAE /* CoreDataModel.xcdatamodel */,
			);
			currentVersion = DBB7CF8427AC120B002C2EAE /* CoreDataModel.xcdatamodel */;
			path = CoreDataModel.xcdatamodeld;
			sourceTree = "<group>";
			versionGroupType = wrapper.xcdatamodel;
		};
/* End XCVersionGroup section */
	};
	rootObject = 2EB109F227A6C30C00743416 /* Project object */;
}
