PODS:
  - AFoundation (0.1.3)
  - AUIKit (1.0.0)

DEPENDENCIES:
  - AFoundation (from `https://github.com/ihormyroniuk/AFoundation.git`, branch `development`)
  - AUIKit (from `https://github.com/ihormyroniuk/AUIKit.git`, branch `development`)

EXTERNAL SOURCES:
  AFoundation:
    :branch: development
    :git: https://github.com/ihormyroniuk/AFoundation.git
  AUIKit:
    :branch: development
    :git: https://github.com/ihormyroniuk/AUIKit.git

CHECKOUT OPTIONS:
  AFoundation:
    :commit: 1c74f44e34c7d771a97a4e4e09b9e22634b5766f
    :git: https://github.com/ihormyroniuk/AFoundation.git
  AUIKit:
    :commit: e32f5190c33404fbc80754ea75d7d953d107ad03
    :git: https://github.com/ihormyroniuk/AUIKit.git

SPEC CHECKSUMS:
  AFoundation: b395b4e2cb156715b6a4c55182c801bef1a5e810
  AUIKit: 1f146cf9d07e7241c2318521cfea313467732d34

PODFILE CHECKSUM: 3053253442f5be3d88bb5486230b8dc9ab4e67ca

COCOAPODS: 1.11.2
