PODS:
  - AnyFormatKit (2.5.2)
  - ASQLite3 (0.1.3)

DEPENDENCIES:
  - AnyFormatKit (~> 2.5.2)
  - ASQLite3 (from `https://github.com/ihormyroniuk/ASQLite3.git`, branch `development`)

SPEC REPOS:
  trunk:
    - AnyFormatKit

EXTERNAL SOURCES:
  ASQLite3:
    :branch: development
    :git: https://github.com/ihormyroniuk/ASQLite3.git

CHECKOUT OPTIONS:
  ASQLite3:
    :commit: a35d3ca1b94f64badbb146e0f215bdf733efd6a1
    :git: https://github.com/ihormyroniuk/ASQLite3.git

SPEC CHECKSUMS:
  AnyFormatKit: b0dbb2a5f2fe7a0fc97f401f8a219a47ee63a335
  ASQLite3: 0c872c40d8a6c78357d046f3bb2192256ef31b12

PODFILE CHECKSUM: 1df09c6007edb8bcdd186095f29d71fb7aa2eba1

COCOAPODS: 1.11.2
